<?xml version="1.0" encoding="utf-8"?>
<Project ToolsVersion="4.0" xmlns="http://schemas.microsoft.com/developer/msbuild/2003">
  <ItemGroup>
    <Filter Include="Source Files">
      <UniqueIdentifier>{4FC737F1-C7A5-4376-A066-2A32D752A2FF}</UniqueIdentifier>
      <Extensions>cpp;c;cc;cxx;c++;cppm;ixx;def;odl;idl;hpj;bat;asm;asmx</Extensions>
    </Filter>
    <Filter Include="Header Files">
      <UniqueIdentifier>{93995380-89BD-4b04-88EB-625FBE52EBFB}</UniqueIdentifier>
      <Extensions>h;hh;hpp;hxx;h++;hm;inl;inc;ipp;xsd</Extensions>
    </Filter>
    <Filter Include="Resource Files">
      <UniqueIdentifier>{67DA6AB6-F800-4c08-8B7A-83BB121AAD01}</UniqueIdentifier>
      <Extensions>rc;ico;cur;bmp;dlg;rc2;rct;bin;rgs;gif;jpg;jpeg;jpe;resx;tiff;tif;png;wav;mfcribbon-ms</Extensions>
    </Filter>
    <Filter Include="external">
      <UniqueIdentifier>{5b4998fd-4a3e-41b0-ad4e-4364d792980a}</UniqueIdentifier>
    </Filter>
    <Filter Include="external\imgui">
      <UniqueIdentifier>{4fae8926-c324-476f-a61e-e97014d6715b}</UniqueIdentifier>
    </Filter>
    <Filter Include="Resource Files\Shaders">
      <UniqueIdentifier>{6af78863-ef57-4030-a07e-75ca554c7cd1}</UniqueIdentifier>
    </Filter>
    <Filter Include="Resource Files\Shaders\HLSL">
      <UniqueIdentifier>{b1d787f9-27b5-4c4a-ad33-6604c3bc201e}</UniqueIdentifier>
    </Filter>
    <Filter Include="Resource Files\Images">
      <UniqueIdentifier>{17a726ac-8f13-4c9f-80ee-7b62f713c15c}</UniqueIdentifier>
    </Filter>
    <Filter Include="Source Files\Windows">
      <UniqueIdentifier>{9f072894-a9bd-4f74-8b22-019c75fa39ea}</UniqueIdentifier>
    </Filter>
    <Filter Include="Source Files\Windows\IO">
      <UniqueIdentifier>{f5efe1ae-fce1-4bb6-b188-f3515c77c15d}</UniqueIdentifier>
    </Filter>
    <Filter Include="Header Files\Windows">
      <UniqueIdentifier>{84f4b2e2-8fb0-41ec-ac6e-653e0f2a15cb}</UniqueIdentifier>
    </Filter>
    <Filter Include="Header Files\Windows\IO">
      <UniqueIdentifier>{12d6fd2c-9805-4334-9b95-b5e748f03df2}</UniqueIdentifier>
    </Filter>
    <Filter Include="Header Files\Renderer">
      <UniqueIdentifier>{44d22535-bf37-4ac2-b86c-f0bf77f2fc3f}</UniqueIdentifier>
    </Filter>
    <Filter Include="Source Files\Renderer">
      <UniqueIdentifier>{4695c0ce-1e84-4cc6-b25b-d89ad71d7e0a}</UniqueIdentifier>
    </Filter>
    <Filter Include="Source Files\ImGUI">
      <UniqueIdentifier>{dc6fe5dd-e719-49b9-8533-4306b1560467}</UniqueIdentifier>
    </Filter>
    <Filter Include="Header Files\ImGUI">
      <UniqueIdentifier>{a41c4bfe-89d9-4477-8df4-11221569a30e}</UniqueIdentifier>
    </Filter>
    <Filter Include="Source Files\Common">
      <UniqueIdentifier>{640325d3-9b69-410f-8428-36a04f1e338c}</UniqueIdentifier>
    </Filter>
    <Filter Include="Header Files\Common">
      <UniqueIdentifier>{3e87072f-3d41-403d-85ea-8919d59d91bb}</UniqueIdentifier>
    </Filter>
    <Filter Include="Header Files\Renderer\Bindables">
      <UniqueIdentifier>{88b16e8a-ee95-4357-abca-ecb3f84fbd25}</UniqueIdentifier>
    </Filter>
    <Filter Include="Header Files\Renderer\Drawables">
      <UniqueIdentifier>{9076667c-8be2-4ed5-8884-0a9961c9d62e}</UniqueIdentifier>
    </Filter>
    <Filter Include="Source Files\Renderer\Bindables">
      <UniqueIdentifier>{932de8dc-04f9-44ad-9dc3-403a72bb1280}</UniqueIdentifier>
    </Filter>
    <Filter Include="Source Files\Renderer\Drawables">
      <UniqueIdentifier>{cc7003b6-cfb0-49b1-a423-7691a2e290f0}</UniqueIdentifier>
    </Filter>
    <Filter Include="Header Files\Renderer\Shapes">
      <UniqueIdentifier>{d89f739a-6e71-45b8-850f-fc6e0b161054}</UniqueIdentifier>
    </Filter>
    <Filter Include="Source Files\Renderer\Lights">
      <UniqueIdentifier>{e92befca-41b5-4d90-8864-c5d59f985828}</UniqueIdentifier>
    </Filter>
    <Filter Include="Header Files\Renderer\Lights">
      <UniqueIdentifier>{ba50ca77-da1a-4c3b-8323-01b781bdc950}</UniqueIdentifier>
    </Filter>
  </ItemGroup>
  <ItemGroup>
    <None Include="packages.config" />
  </ItemGroup>
  <ItemGroup>
    <ClInclude Include="..\..\external\Libraries\include\imgui\imconfig.h">
      <Filter>external\imgui</Filter>
    </ClInclude>
    <ClInclude Include="..\..\external\Libraries\include\imgui\imgui.h">
      <Filter>external\imgui</Filter>
    </ClInclude>
    <ClInclude Include="..\..\external\Libraries\include\imgui\imgui_internal.h">
      <Filter>external\imgui</Filter>
    </ClInclude>
    <ClInclude Include="source\Application.h">
      <Filter>Header Files</Filter>
    </ClInclude>
    <ClInclude Include="source\Windows\Keyboard.h">
      <Filter>Header Files\Windows\IO</Filter>
    </ClInclude>
    <ClInclude Include="source\Windows\Mouse.h">
      <Filter>Header Files\Windows\IO</Filter>
    </ClInclude>
    <ClInclude Include="source\Windows\Window.h">
      <Filter>Header Files\Windows</Filter>
    </ClInclude>
    <ClInclude Include="source\ImGUI\imgui_impl_dx12.h">
      <Filter>Header Files\ImGUI</Filter>
    </ClInclude>
    <ClInclude Include="source\ImGUI\imgui_impl_win32.h">
      <Filter>Header Files\ImGUI</Filter>
    </ClInclude>
    <ClInclude Include="source\Renderer\D3D12RHI.h">
      <Filter>Header Files\Renderer</Filter>
    </ClInclude>
    <ClInclude Include="source\Renderer\d3dx12.h">
      <Filter>Header Files\Renderer</Filter>
    </ClInclude>
    <ClInclude Include="source\Renderer\Renderer.h">
      <Filter>Header Files\Renderer</Filter>
    </ClInclude>
    <ClInclude Include="source\Renderer\RHI.h">
      <Filter>Header Files\Renderer</Filter>
    </ClInclude>
    <ClInclude Include="source\Common\framework.h">
      <Filter>Header Files\Common</Filter>
    </ClInclude>
    <ClInclude Include="source\Common\ILException.h">
      <Filter>Header Files\Common</Filter>
    </ClInclude>
    <ClInclude Include="source\Windows\WindowsThrowMacros.h">
      <Filter>Header Files\Windows</Filter>
    </ClInclude>
    <ClInclude Include="source\Renderer\Mesh.h">
      <Filter>Header Files\Renderer</Filter>
    </ClInclude>
    <ClInclude Include="source\Renderer\Camera.h">
      <Filter>Header Files\Renderer</Filter>
    </ClInclude>
    <ClInclude Include="source\Renderer\VertexBuffer.h">
      <Filter>Header Files\Renderer\Bindables</Filter>
    </ClInclude>
    <ClInclude Include="source\Renderer\TextureBuffer.h">
      <Filter>Header Files\Renderer\Bindables</Filter>
    </ClInclude>
    <ClInclude Include="source\Renderer\IndexBuffer.h">
      <Filter>Header Files\Renderer\Bindables</Filter>
    </ClInclude>
    <ClInclude Include="source\Renderer\Topology.h">
      <Filter>Header Files\Renderer\Bindables</Filter>
    </ClInclude>
    <ClInclude Include="source\Renderer\ConstantBuffer.h">
      <Filter>Header Files\Renderer\Bindables</Filter>
    </ClInclude>
    <ClInclude Include="source\Renderer\Bindable.h">
      <Filter>Header Files\Renderer\Bindables</Filter>
    </ClInclude>
    <ClInclude Include="source\Renderer\BindableBase.h">
      <Filter>Header Files\Renderer\Bindables</Filter>
    </ClInclude>
    <ClInclude Include="source\Renderer\Drawable.h">
      <Filter>Header Files\Renderer\Drawables</Filter>
    </ClInclude>
    <ClInclude Include="source\Renderer\TransformBuffer.h">
      <Filter>Header Files\Renderer\Bindables</Filter>
    </ClInclude>
    <ClInclude Include="source\ImGUI\ImGUI_Manager.h">
      <Filter>Header Files\ImGUI</Filter>
    </ClInclude>
    <ClInclude Include="source\Renderer\PipelineState.h">
      <Filter>Header Files\Renderer\Bindables</Filter>
    </ClInclude>
    <ClInclude Include="source\Renderer\Cone.h">
      <Filter>Header Files\Renderer\Shapes</Filter>
    </ClInclude>
    <ClInclude Include="source\Renderer\Plane.h">
      <Filter>Header Files\Renderer\Shapes</Filter>
    </ClInclude>
    <ClInclude Include="source\Renderer\Prism.h">
      <Filter>Header Files\Renderer\Shapes</Filter>
    </ClInclude>
    <ClInclude Include="source\Renderer\Sphere.h">
      <Filter>Header Files\Renderer\Shapes</Filter>
    </ClInclude>
    <ClInclude Include="source\Common\ILMath.h">
      <Filter>Header Files\Common</Filter>
    </ClInclude>
    <ClInclude Include="source\Renderer\IndexedTriangleList.h">
      <Filter>Header Files\Renderer</Filter>
    </ClInclude>
    <ClInclude Include="source\Renderer\Cube.h">
      <Filter>Header Files\Renderer\Shapes</Filter>
    </ClInclude>
    <ClInclude Include="source\Renderer\Box.h">
      <Filter>Header Files\Renderer\Drawables</Filter>
    </ClInclude>
    <ClInclude Include="source\Renderer\Object.h">
      <Filter>Header Files\Renderer\Drawables</Filter>
    </ClInclude>
    <ClInclude Include="source\Renderer\Pyramid.h">
      <Filter>Header Files\Renderer\Drawables</Filter>
    </ClInclude>
    <ClInclude Include="source\Renderer\RootSignature.h">
      <Filter>Header Files\Renderer\Bindables</Filter>
    </ClInclude>
    <ClInclude Include="source\Renderer\ShaderResourceView.h">
      <Filter>Header Files\Renderer\Bindables</Filter>
    </ClInclude>
    <ClInclude Include="source\Renderer\PointLight.h">
      <Filter>Header Files\Renderer\Lights</Filter>
    </ClInclude>
    <ClInclude Include="source\Renderer\SolidSphere.h">
      <Filter>Header Files\Renderer\Drawables</Filter>
    </ClInclude>
    <ClInclude Include="source\Renderer\ILObject.h">
      <Filter>Header Files\Renderer\Drawables</Filter>
    </ClInclude>
    <ClInclude Include="source\Renderer\Cylinder.h">
      <Filter>Header Files\Renderer\Drawables</Filter>
    </ClInclude>
    <ClInclude Include="source\Renderer\TexturedBox.h">
      <Filter>Header Files\Renderer\Drawables</Filter>
    </ClInclude>
    <ClInclude Include="source\Renderer\AssImpModel.h">
      <Filter>Header Files\Renderer\Drawables</Filter>
    </ClInclude>
    <ClInclude Include="source\Renderer\Vertex.h">
      <Filter>Header Files\Renderer</Filter>
    </ClInclude>
  </ItemGroup>
  <ItemGroup>
    <ClCompile Include="..\..\external\Libraries\include\imgui\imgui.cpp">
      <Filter>external\imgui</Filter>
    </ClCompile>
    <ClCompile Include="..\..\external\Libraries\include\imgui\imgui_demo.cpp">
      <Filter>external\imgui</Filter>
    </ClCompile>
    <ClCompile Include="..\..\external\Libraries\include\imgui\imgui_draw.cpp">
      <Filter>external\imgui</Filter>
    </ClCompile>
    <ClCompile Include="..\..\external\Libraries\include\imgui\imgui_tables.cpp">
      <Filter>external\imgui</Filter>
    </ClCompile>
    <ClCompile Include="..\..\external\Libraries\include\imgui\imgui_widgets.cpp">
      <Filter>external\imgui</Filter>
    </ClCompile>
    <ClCompile Include="source\Application.cpp">
      <Filter>Source Files</Filter>
    </ClCompile>
    <ClCompile Include="source\Launch.cpp">
      <Filter>Source Files</Filter>
    </ClCompile>
    <ClCompile Include="source\Windows\Keyboard.cpp">
      <Filter>Source Files\Windows\IO</Filter>
    </ClCompile>
    <ClCompile Include="source\Windows\Mouse.cpp">
      <Filter>Source Files\Windows\IO</Filter>
    </ClCompile>
    <ClCompile Include="source\Windows\Window.cpp">
      <Filter>Source Files\Windows</Filter>
    </ClCompile>
    <ClCompile Include="source\ImGUI\imgui_impl_dx12.cpp">
      <Filter>Source Files\ImGUI</Filter>
    </ClCompile>
    <ClCompile Include="source\ImGUI\imgui_impl_win32.cpp">
      <Filter>Source Files\ImGUI</Filter>
    </ClCompile>
    <ClCompile Include="source\Renderer\D3D12RHI.cpp">
      <Filter>Source Files\Renderer</Filter>
    </ClCompile>
    <ClCompile Include="source\Renderer\Renderer.cpp">
      <Filter>Source Files\Renderer</Filter>
    </ClCompile>
    <ClCompile Include="source\Common\ILException.cpp">
      <Filter>Source Files\Common</Filter>
    </ClCompile>
    <ClCompile Include="source\Renderer\Mesh.cpp">
      <Filter>Source Files\Renderer</Filter>
    </ClCompile>
    <ClCompile Include="source\Renderer\Camera.cpp">
      <Filter>Source Files\Renderer</Filter>
    </ClCompile>
    <ClCompile Include="source\Renderer\Bindable.cpp">
      <Filter>Source Files\Renderer\Bindables</Filter>
    </ClCompile>
    <ClCompile Include="source\Renderer\VertexBuffer.cpp">
      <Filter>Source Files\Renderer\Bindables</Filter>
    </ClCompile>
    <ClCompile Include="source\Renderer\Topology.cpp">
      <Filter>Source Files\Renderer\Bindables</Filter>
    </ClCompile>
    <ClCompile Include="source\Renderer\TextureBuffer.cpp">
      <Filter>Source Files\Renderer\Bindables</Filter>
    </ClCompile>
    <ClCompile Include="source\Renderer\IndexBuffer.cpp">
      <Filter>Source Files\Renderer\Bindables</Filter>
    </ClCompile>
    <ClCompile Include="source\Renderer\ConstantBuffer.cpp">
      <Filter>Source Files\Renderer\Bindables</Filter>
    </ClCompile>
    <ClCompile Include="source\Renderer\Drawable.cpp">
      <Filter>Source Files\Renderer\Drawables</Filter>
    </ClCompile>
    <ClCompile Include="source\Renderer\TransformBuffer.cpp">
      <Filter>Source Files\Renderer\Bindables</Filter>
    </ClCompile>
    <ClCompile Include="source\ImGUI\ImGUI_Manager.cpp">
      <Filter>Source Files\ImGUI</Filter>
    </ClCompile>
    <ClCompile Include="source\Renderer\PipelineState.cpp">
      <Filter>Source Files\Renderer\Bindables</Filter>
    </ClCompile>
    <ClCompile Include="source\Renderer\Box.cpp">
      <Filter>Source Files\Renderer\Drawables</Filter>
    </ClCompile>
    <ClCompile Include="source\Renderer\Pyramid.cpp">
      <Filter>Source Files\Renderer\Drawables</Filter>
    </ClCompile>
    <ClCompile Include="source\Renderer\RootSignature.cpp">
      <Filter>Source Files\Renderer\Bindables</Filter>
    </ClCompile>
    <ClCompile Include="source\Renderer\ShaderResourceView.cpp">
      <Filter>Source Files\Renderer\Bindables</Filter>
    </ClCompile>
    <ClCompile Include="source\Renderer\PointLight.cpp">
      <Filter>Source Files\Renderer\Lights</Filter>
    </ClCompile>
    <ClCompile Include="source\Renderer\SolidSphere.cpp">
      <Filter>Source Files\Renderer\Drawables</Filter>
    </ClCompile>
    <ClCompile Include="source\Renderer\Cylinder.cpp">
      <Filter>Source Files\Renderer\Drawables</Filter>
    </ClCompile>
    <ClCompile Include="source\Renderer\TexturedBox.cpp">
      <Filter>Source Files\Renderer\Drawables</Filter>
    </ClCompile>
    <ClCompile Include="source\Renderer\AssImpModel.cpp">
      <Filter>Source Files\Renderer\Drawables</Filter>
    </ClCompile>
  </ItemGroup>
  <ItemGroup>
    <CustomBuild Include="..\..\shaders\HLSL\ColorBlendPS.hlsl">
      <Filter>Resource Files\Shaders\HLSL</Filter>
    </CustomBuild>
    <CustomBuild Include="..\..\images\cube_face.jpeg">
      <Filter>Resource Files\Images</Filter>
    </CustomBuild>
    <CustomBuild Include="..\..\shaders\HLSL\ColorBlendVS.hlsl">
      <Filter>Resource Files\Shaders\HLSL</Filter>
    </CustomBuild>
    <CustomBuild Include="..\..\shaders\HLSL\TexIndexPS.hlsl">
      <Filter>Resource Files\Shaders\HLSL</Filter>
    </CustomBuild>
    <CustomBuild Include="..\..\shaders\HLSL\TexIndexVS.hlsl">
      <Filter>Resource Files\Shaders\HLSL</Filter>
    </CustomBuild>
    <CustomBuild Include="..\..\images\cube.jpeg">
      <Filter>Resource Files\Images</Filter>
    </CustomBuild>
    <CustomBuild Include="..\..\shaders\HLSL\PhongPS.hlsl">
      <Filter>Resource Files\Shaders\HLSL</Filter>
    </CustomBuild>
    <CustomBuild Include="..\..\shaders\HLSL\PhongVS.hlsl">
      <Filter>Resource Files\Shaders\HLSL</Filter>
    </CustomBuild>
    <CustomBuild Include="..\..\shaders\HLSL\SolidPS.hlsl">
      <Filter>Resource Files\Shaders\HLSL</Filter>
    </CustomBuild>
    <CustomBuild Include="..\..\shaders\HLSL\SolidVS.hlsl">
      <Filter>Resource Files\Shaders\HLSL</Filter>
    </CustomBuild>
    <CustomBuild Include="..\..\shaders\HLSL\IndexedPhongPS.hlsl">
      <Filter>Resource Files\Shaders\HLSL</Filter>
    </CustomBuild>
    <CustomBuild Include="..\..\shaders\HLSL\BlendedPhongPS.hlsl">
      <Filter>Resource Files\Shaders\HLSL</Filter>
    </CustomBuild>
    <CustomBuild Include="..\..\shaders\HLSL\BlendedPhongVS.hlsl">
      <Filter>Resource Files\Shaders\HLSL</Filter>
    </CustomBuild>
    <CustomBuild Include="..\..\shaders\HLSL\TexPhongVS.hlsl">
      <Filter>Resource Files\Shaders\HLSL</Filter>
    </CustomBuild>
    <CustomBuild Include="..\..\shaders\HLSL\TexPhongPS.hlsl">
      <Filter>Resource Files\Shaders\HLSL</Filter>
    </CustomBuild>
  </ItemGroup>
</Project>