<?xml version="1.0" encoding="utf-8"?>
<Project ToolsVersion="4.0" xmlns="http://schemas.microsoft.com/developer/msbuild/2003">
  <ItemGroup>
    <Filter Include="Source Files">
      <UniqueIdentifier>{4FC737F1-C7A5-4376-A066-2A32D752A2FF}</UniqueIdentifier>
      <Extensions>cpp;c;cc;cxx;c++;cppm;ixx;def;odl;idl;hpj;bat;asm;asmx</Extensions>
    </Filter>
    <Filter Include="Header Files">
      <UniqueIdentifier>{93995380-89BD-4b04-88EB-625FBE52EBFB}</UniqueIdentifier>
      <Extensions>h;hh;hpp;hxx;h++;hm;inl;inc;ipp;xsd</Extensions>
    </Filter>
    <Filter Include="Resource Files">
      <UniqueIdentifier>{67DA6AB6-F800-4c08-8B7A-83BB121AAD01}</UniqueIdentifier>
      <Extensions>rc;ico;cur;bmp;dlg;rc2;rct;bin;rgs;gif;jpg;jpeg;jpe;resx;tiff;tif;png;wav;mfcribbon-ms</Extensions>
    </Filter>
    <Filter Include="external">
      <UniqueIdentifier>{5b4998fd-4a3e-41b0-ad4e-4364d792980a}</UniqueIdentifier>
    </Filter>
    <Filter Include="external\imgui">
      <UniqueIdentifier>{4fae8926-c324-476f-a61e-e97014d6715b}</UniqueIdentifier>
    </Filter>
    <Filter Include="Source Files\Common">
      <UniqueIdentifier>{0d72080a-2d60-4086-b8d3-7d24ab4f567c}</UniqueIdentifier>
    </Filter>
    <Filter Include="Source Files\Common\Windows">
      <UniqueIdentifier>{9f072894-a9bd-4f74-8b22-019c75fa39ea}</UniqueIdentifier>
    </Filter>
    <Filter Include="Source Files\Common\Windows\IO">
      <UniqueIdentifier>{f5efe1ae-fce1-4bb6-b188-f3515c77c15d}</UniqueIdentifier>
    </Filter>
    <Filter Include="Source Files\External">
      <UniqueIdentifier>{5813a1ea-478e-4fdc-bc38-88244a5c4514}</UniqueIdentifier>
    </Filter>
    <Filter Include="Source Files\External\ImGUI">
      <UniqueIdentifier>{dc6fe5dd-e719-49b9-8533-4306b1560467}</UniqueIdentifier>
    </Filter>
  </ItemGroup>
  <ItemGroup>
    <None Include="packages.config" />
  </ItemGroup>
  <ItemGroup>
    <ClInclude Include="..\..\external\Libraries\include\imgui\imconfig.h">
      <Filter>external\imgui</Filter>
    </ClInclude>
    <ClInclude Include="..\..\external\Libraries\include\imgui\imgui.h">
      <Filter>external\imgui</Filter>
    </ClInclude>
    <ClInclude Include="..\..\external\Libraries\include\imgui\imgui_internal.h">
      <Filter>external\imgui</Filter>
    </ClInclude>
    <ClInclude Include="source\Common\Windows\Keyboard.h">
      <Filter>Source Files\Common\Windows\IO</Filter>
    </ClInclude>
    <ClInclude Include="source\Common\Windows\Mouse.h">
      <Filter>Source Files\Common\Windows\IO</Filter>
    </ClInclude>
    <ClInclude Include="source\Common\Windows\Window.h">
      <Filter>Source Files\Common\Windows</Filter>
    </ClInclude>
    <ClInclude Include="source\Application.h">
      <Filter>Header Files</Filter>
    </ClInclude>
    <ClInclude Include="source\imgui_impl_dx12.h">
      <Filter>Source Files\External\ImGUI</Filter>
    </ClInclude>
    <ClInclude Include="source\imgui_impl_win32.h">
      <Filter>Source Files\External\ImGUI</Filter>
    </ClInclude>
    <ClInclude Include="source\D3D12RHI.h">
      <Filter>Header Files</Filter>
    </ClInclude>
    <ClInclude Include="source\d3dx12.h">
      <Filter>Header Files</Filter>
    </ClInclude>
    <ClInclude Include="source\framework.h">
      <Filter>Header Files</Filter>
    </ClInclude>
    <ClInclude Include="source\Renderer.h">
      <Filter>Header Files</Filter>
    </ClInclude>
    <ClInclude Include="source\RHI.h">
      <Filter>Header Files</Filter>
    </ClInclude>
    <ClInclude Include="source\Common\Windows\ILException.h">
      <Filter>Source Files\Common\Windows</Filter>
    </ClInclude>
  </ItemGroup>
  <ItemGroup>
    <ClCompile Include="..\..\external\Libraries\include\imgui\imgui.cpp">
      <Filter>external\imgui</Filter>
    </ClCompile>
    <ClCompile Include="..\..\external\Libraries\include\imgui\imgui_demo.cpp">
      <Filter>external\imgui</Filter>
    </ClCompile>
    <ClCompile Include="..\..\external\Libraries\include\imgui\imgui_draw.cpp">
      <Filter>external\imgui</Filter>
    </ClCompile>
    <ClCompile Include="..\..\external\Libraries\include\imgui\imgui_tables.cpp">
      <Filter>external\imgui</Filter>
    </ClCompile>
    <ClCompile Include="..\..\external\Libraries\include\imgui\imgui_widgets.cpp">
      <Filter>external\imgui</Filter>
    </ClCompile>
    <ClCompile Include="source\Common\Windows\Keyboard.cpp">
      <Filter>Source Files\Common\Windows\IO</Filter>
    </ClCompile>
    <ClCompile Include="source\Common\Windows\Mouse.cpp">
      <Filter>Source Files\Common\Windows\IO</Filter>
    </ClCompile>
    <ClCompile Include="source\Common\Windows\Window.cpp">
      <Filter>Source Files\Common\Windows</Filter>
    </ClCompile>
    <ClCompile Include="source\Application.cpp">
      <Filter>Source Files</Filter>
    </ClCompile>
    <ClCompile Include="source\LaunchWindows.cpp">
      <Filter>Source Files</Filter>
    </ClCompile>
    <ClCompile Include="source\imgui_impl_dx12.cpp">
      <Filter>Source Files\External\ImGUI</Filter>
    </ClCompile>
    <ClCompile Include="source\imgui_impl_win32.cpp">
      <Filter>Source Files\External\ImGUI</Filter>
    </ClCompile>
    <ClCompile Include="source\D3D12RHI.cpp">
      <Filter>Source Files</Filter>
    </ClCompile>
    <ClCompile Include="source\Renderer.cpp">
      <Filter>Source Files</Filter>
    </ClCompile>
    <ClCompile Include="source\Common\Windows\ILException.cpp">
      <Filter>Source Files\Common\Windows</Filter>
    </ClCompile>
  </ItemGroup>
</Project>