
Microsoft Visual Studio Solution File, Format Version 12.00
# Visual Studio Version 17
VisualStudioVersion = 17.8.34330.188
MinimumVisualStudioVersion = 10.0.40219.1
Project("{8BC9CEB8-8B4A-11D0-8D11-00A0C91BC942}") = "_Engine", "source\Engine\Engine.vcxproj", "{3F9A9E08-DFF7-4C08-B61A-39808703E104}"
EndProject
Project("{8BC9CEB8-8B4A-11D0-8D11-00A0C91BC942}") = "Empty_Window", "source\Applications\Empty_Window\Empty_Window.vcxproj", "{BD17EF07-248E-4965-BF3D-FC701F32E092}"
EndProject
Project("{8BC9CEB8-8B4A-11D0-8D11-00A0C91BC942}") = "Hello_Triangle", "source\Applications\Hello_Triangle\Hello_Triangle.vcxproj", "{85A5342B-80D7-4588-8B72-FF5BCC39A852}"
EndProject
Global
	GlobalSection(SolutionConfigurationPlatforms) = preSolution
		Debug|x64 = Debug|x64
		Debug|x86 = Debug|x86
		Release|x64 = Release|x64
		Release|x86 = Release|x86
	EndGlobalSection
	GlobalSection(ProjectConfigurationPlatforms) = postSolution
		{3F9A9E08-DFF7-4C08-B61A-39808703E104}.Debug|x64.ActiveCfg = Debug|x64
		{3F9A9E08-DFF7-4C08-B61A-39808703E104}.Debug|x64.Build.0 = Debug|x64
		{3F9A9E08-DFF7-4C08-B61A-39808703E104}.Debug|x86.ActiveCfg = Debug|Win32
		{3F9A9E08-DFF7-4C08-B61A-39808703E104}.Debug|x86.Build.0 = Debug|Win32
		{3F9A9E08-DFF7-4C08-B61A-39808703E104}.Release|x64.ActiveCfg = Release|x64
		{3F9A9E08-DFF7-4C08-B61A-39808703E104}.Release|x64.Build.0 = Release|x64
		{3F9A9E08-DFF7-4C08-B61A-39808703E104}.Release|x86.ActiveCfg = Release|Win32
		{3F9A9E08-DFF7-4C08-B61A-39808703E104}.Release|x86.Build.0 = Release|Win32
		{BD17EF07-248E-4965-BF3D-FC701F32E092}.Debug|x64.ActiveCfg = Debug|x64
		{BD17EF07-248E-4965-BF3D-FC701F32E092}.Debug|x64.Build.0 = Debug|x64
		{BD17EF07-248E-4965-BF3D-FC701F32E092}.Debug|x86.ActiveCfg = Debug|Win32
		{BD17EF07-248E-4965-BF3D-FC701F32E092}.Debug|x86.Build.0 = Debug|Win32
		{BD17EF07-248E-4965-BF3D-FC701F32E092}.Release|x64.ActiveCfg = Release|x64
		{BD17EF07-248E-4965-BF3D-FC701F32E092}.Release|x64.Build.0 = Release|x64
		{BD17EF07-248E-4965-BF3D-FC701F32E092}.Release|x86.ActiveCfg = Release|Win32
		{BD17EF07-248E-4965-BF3D-FC701F32E092}.Release|x86.Build.0 = Release|Win32
		{85A5342B-80D7-4588-8B72-FF5BCC39A852}.Debug|x64.ActiveCfg = Debug|x64
		{85A5342B-80D7-4588-8B72-FF5BCC39A852}.Debug|x64.Build.0 = Debug|x64
		{85A5342B-80D7-4588-8B72-FF5BCC39A852}.Debug|x86.ActiveCfg = Debug|Win32
		{85A5342B-80D7-4588-8B72-FF5BCC39A852}.Debug|x86.Build.0 = Debug|Win32
		{85A5342B-80D7-4588-8B72-FF5BCC39A852}.Release|x64.ActiveCfg = Release|x64
		{85A5342B-80D7-4588-8B72-FF5BCC39A852}.Release|x64.Build.0 = Release|x64
		{85A5342B-80D7-4588-8B72-FF5BCC39A852}.Release|x86.ActiveCfg = Release|Win32
		{85A5342B-80D7-4588-8B72-FF5BCC39A852}.Release|x86.Build.0 = Release|Win32
	EndGlobalSection
	GlobalSection(SolutionProperties) = preSolution
		HideSolutionNode = FALSE
	EndGlobalSection
	GlobalSection(ExtensibilityGlobals) = postSolution
		SolutionGuid = {4400F80C-F38A-42D0-9AE8-D769FB976449}
	EndGlobalSection
EndGlobal
