<?xml version="1.0" encoding="utf-8"?>
<Project ToolsVersion="4.0" xmlns="http://schemas.microsoft.com/developer/msbuild/2003">
  <ItemGroup>
    <Filter Include="Source">
      <UniqueIdentifier>{4FC737F1-C7A5-4376-A066-2A32D752A2FF}</UniqueIdentifier>
      <Extensions>cpp;c;cc;cxx;c++;cppm;ixx;def;odl;idl;hpj;bat;asm;asmx</Extensions>
    </Filter>
    <Filter Include="Source\Renderer">
      <UniqueIdentifier>{4695c0ce-1e84-4cc6-b25b-d89ad71d7e0a}</UniqueIdentifier>
    </Filter>
    <Filter Include="Source\Common">
      <UniqueIdentifier>{640325d3-9b69-410f-8428-36a04f1e338c}</UniqueIdentifier>
    </Filter>
    <Filter Include="Source\Common\Private">
      <UniqueIdentifier>{e10fabdf-961f-4591-8b36-da377413f1df}</UniqueIdentifier>
    </Filter>
    <Filter Include="Source\Common\Public">
      <UniqueIdentifier>{58b34ae0-496a-4013-860f-e4f72ebb1e44}</UniqueIdentifier>
    </Filter>
    <Filter Include="Source\_External">
      <UniqueIdentifier>{70b23b94-642a-4313-9087-3cb6add23bec}</UniqueIdentifier>
    </Filter>
    <Filter Include="Source\_External\Private">
      <UniqueIdentifier>{4235d5a2-7a0f-4a78-b69c-247d52e410c4}</UniqueIdentifier>
    </Filter>
    <Filter Include="Source\_External\Public">
      <UniqueIdentifier>{8831a42e-f89b-4d87-846c-2e6e19877f05}</UniqueIdentifier>
    </Filter>
    <Filter Include="Source\Runtime">
      <UniqueIdentifier>{9f072894-a9bd-4f74-8b22-019c75fa39ea}</UniqueIdentifier>
    </Filter>
    <Filter Include="Source\Runtime\Private">
      <UniqueIdentifier>{206efa66-9d1c-443e-8c49-4e6bdf9b8e5b}</UniqueIdentifier>
    </Filter>
    <Filter Include="Source\Runtime\Private\IO">
      <UniqueIdentifier>{f5efe1ae-fce1-4bb6-b188-f3515c77c15d}</UniqueIdentifier>
    </Filter>
    <Filter Include="Source\Runtime\Public">
      <UniqueIdentifier>{7545201f-6abf-4b78-b2e7-dd87f1bd63e3}</UniqueIdentifier>
    </Filter>
    <Filter Include="Source\Runtime\Public\IO">
      <UniqueIdentifier>{12d6fd2c-9805-4334-9b95-b5e748f03df2}</UniqueIdentifier>
    </Filter>
    <Filter Include="Shaders">
      <UniqueIdentifier>{6af78863-ef57-4030-a07e-75ca554c7cd1}</UniqueIdentifier>
    </Filter>
    <Filter Include="Shaders\HLSL">
      <UniqueIdentifier>{b1d787f9-27b5-4c4a-ad33-6604c3bc201e}</UniqueIdentifier>
    </Filter>
    <Filter Include="Source\_External\Private\ImGUI">
      <UniqueIdentifier>{ce1695af-d028-4d5a-8c15-33037d64019e}</UniqueIdentifier>
    </Filter>
    <Filter Include="Source\_External\Public\ImGUI">
      <UniqueIdentifier>{960f76d2-2e34-497f-891b-1b779669b2b1}</UniqueIdentifier>
    </Filter>
    <Filter Include="Source\Renderer\Private">
      <UniqueIdentifier>{463d7965-e8db-452b-ba4a-66e59a7f4ea4}</UniqueIdentifier>
    </Filter>
    <Filter Include="Source\Renderer\Private\Camera">
      <UniqueIdentifier>{e3073ebf-4d07-483b-9fd6-72c5c6dc3a8d}</UniqueIdentifier>
    </Filter>
    <Filter Include="Source\Renderer\Private\Common">
      <UniqueIdentifier>{ea5ed81a-e67b-4fc9-b5f3-dc923f1c43a1}</UniqueIdentifier>
    </Filter>
    <Filter Include="Source\Renderer\Public">
      <UniqueIdentifier>{967d906d-9899-4ff4-a0dc-5c16635a5197}</UniqueIdentifier>
    </Filter>
    <Filter Include="Source\Renderer\Public\Camera">
      <UniqueIdentifier>{38e1458a-6472-4367-8978-c039979c196b}</UniqueIdentifier>
    </Filter>
    <Filter Include="Source\Renderer\Public\Common">
      <UniqueIdentifier>{0cc981e7-f830-46a5-8883-ea1ef83b6d16}</UniqueIdentifier>
    </Filter>
    <Filter Include="Source\_External\Public\Assimp">
      <UniqueIdentifier>{b922efd4-06b1-4df3-a4eb-c5c98c92a448}</UniqueIdentifier>
    </Filter>
    <Filter Include="Source\_External\Public\DX12">
      <UniqueIdentifier>{bb7446d4-5c38-49c1-8a4e-aa16d804a355}</UniqueIdentifier>
    </Filter>
    <Filter Include="Source\Renderer\Public\Common\Primitives">
      <UniqueIdentifier>{73024be1-12b6-4696-aba9-9bc426d31b36}</UniqueIdentifier>
    </Filter>
    <Filter Include="Shaders\HLSL\Skybox">
      <UniqueIdentifier>{a18352d6-aaf6-44b0-b563-013fd0bd8410}</UniqueIdentifier>
    </Filter>
    <Filter Include="Shaders\HLSL\Post Processing">
      <UniqueIdentifier>{eba3db18-d745-4689-8a8b-acc8ba90dd53}</UniqueIdentifier>
    </Filter>
    <Filter Include="Shaders\HLSL\Flat Shading">
      <UniqueIdentifier>{3956dce2-8a61-4103-8d5b-4dbb19ae204a}</UniqueIdentifier>
    </Filter>
    <Filter Include="Source\Renderer\Private\Common\Primitives">
      <UniqueIdentifier>{2a6dda3a-6d68-4a77-a813-db6fc6add4be}</UniqueIdentifier>
    </Filter>
    <Filter Include="Source\Renderer\Public\Model">
      <UniqueIdentifier>{829f7351-0107-4a76-b223-30b1f6196013}</UniqueIdentifier>
    </Filter>
    <Filter Include="Source\Renderer\Private\Model">
      <UniqueIdentifier>{0487562a-0b4f-4c81-8a76-8c4ecbd58302}</UniqueIdentifier>
    </Filter>
    <Filter Include="Source\Runtime\Public\UI">
      <UniqueIdentifier>{a41c4bfe-89d9-4477-8df4-11221569a30e}</UniqueIdentifier>
    </Filter>
    <Filter Include="Source\Runtime\Private\UI">
      <UniqueIdentifier>{dc6fe5dd-e719-49b9-8533-4306b1560467}</UniqueIdentifier>
    </Filter>
    <Filter Include="Shaders\HLSL\Shadow Mapping">
      <UniqueIdentifier>{ebb304ad-3961-4131-ad1e-90f921a52a28}</UniqueIdentifier>
    </Filter>
    <Filter Include="Shaders\HLSL\Common">
      <UniqueIdentifier>{95eed843-1cdc-433b-bf77-8adb470e37d0}</UniqueIdentifier>
    </Filter>
    <Filter Include="Shaders\HLSL\Lighting">
      <UniqueIdentifier>{0acfd8f6-079b-47a6-90e5-d3a6fc71b303}</UniqueIdentifier>
    </Filter>
    <Filter Include="Shaders\HLSL\GBuffer">
      <UniqueIdentifier>{726d7eea-fe1b-4274-b12b-77efd66004c0}</UniqueIdentifier>
    </Filter>
    <Filter Include="Source\Renderer\Private\Core">
      <UniqueIdentifier>{eae05af5-2329-498f-b754-89e9276a5eee}</UniqueIdentifier>
    </Filter>
    <Filter Include="Source\Renderer\Private\Core\Render Graph">
      <UniqueIdentifier>{4be52e22-33ca-4818-beb7-e4cbb5354e5a}</UniqueIdentifier>
    </Filter>
    <Filter Include="Source\Renderer\Private\Core\RHI">
      <UniqueIdentifier>{00defb13-6d02-4066-a3e8-f5b56086dfd9}</UniqueIdentifier>
    </Filter>
    <Filter Include="Source\Renderer\Private\Core\RHI\D3D12">
      <UniqueIdentifier>{99ac6706-d8c0-474c-91fc-84e3a33fe748}</UniqueIdentifier>
    </Filter>
    <Filter Include="Source\Renderer\Public\Core">
      <UniqueIdentifier>{8398b28b-e875-4327-bd6e-e83022f45e00}</UniqueIdentifier>
    </Filter>
    <Filter Include="Source\Renderer\Public\Core\Render Graph">
      <UniqueIdentifier>{34c9a6e8-9d5b-48ab-b527-715361136937}</UniqueIdentifier>
    </Filter>
    <Filter Include="Source\Renderer\Public\Core\Render Graph\Passes">
      <UniqueIdentifier>{93ecefa4-eabd-407d-b0e0-1eff9e7a8337}</UniqueIdentifier>
    </Filter>
    <Filter Include="Source\Renderer\Public\Core\RHI">
      <UniqueIdentifier>{18677345-aa5b-4815-982a-df2d026566c1}</UniqueIdentifier>
    </Filter>
    <Filter Include="Source\Renderer\Public\Core\RHI\D3D12">
      <UniqueIdentifier>{faf9520c-2987-4550-8075-9232e0f303ee}</UniqueIdentifier>
    </Filter>
    <Filter Include="Source\_External\Private\DX12">
      <UniqueIdentifier>{d1df1b17-525a-4344-8302-8d5a069f1861}</UniqueIdentifier>
    </Filter>
    <Filter Include="Source\Renderer\Private\Editor">
      <UniqueIdentifier>{dda9617a-82c2-44e7-bcb2-1eb9d3acf363}</UniqueIdentifier>
    </Filter>
    <Filter Include="Source\Renderer\Public\Editor">
      <UniqueIdentifier>{24041c37-84b6-429a-9351-440ba04bdf75}</UniqueIdentifier>
    </Filter>
    <Filter Include="Source\Renderer\Private\Light">
      <UniqueIdentifier>{e92befca-41b5-4d90-8864-c5d59f985828}</UniqueIdentifier>
    </Filter>
    <Filter Include="Source\Renderer\Public\Light">
      <UniqueIdentifier>{ba50ca77-da1a-4c3b-8323-01b781bdc950}</UniqueIdentifier>
    </Filter>
  </ItemGroup>
  <ItemGroup>
    <ClInclude Include="source\Renderer\PointLight.h">
      <Filter>Source\Renderer\Public\Light</Filter>
    </ClInclude>
    <ClInclude Include="source\Runtime\Keyboard.h">
      <Filter>Source\Runtime\Public\IO</Filter>
    </ClInclude>
    <ClInclude Include="source\Runtime\Mouse.h">
      <Filter>Source\Runtime\Public\IO</Filter>
    </ClInclude>
    <ClInclude Include="source\Renderer\Camera.h">
      <Filter>Source\Renderer\Public\Camera</Filter>
    </ClInclude>
    <ClInclude Include="source\Renderer\RHI.h">
      <Filter>Source\Renderer\Public\Core\RHI</Filter>
    </ClInclude>
    <ClInclude Include="source\Renderer\Model.h">
      <Filter>Source\Renderer\Public\Model</Filter>
    </ClInclude>
    <ClInclude Include="source\Renderer\IndexedTriangleList.h">
      <Filter>Source\Renderer\Public\Common\Primitives</Filter>
    </ClInclude>
    <ClInclude Include="source\Renderer\Vertex.h">
      <Filter>Source\Renderer\Public\Common\Primitives</Filter>
    </ClInclude>
    <ClInclude Include="source\Renderer\RenderMath.h">
      <Filter>Source\Renderer\Public\Common</Filter>
    </ClInclude>
    <ClInclude Include="source\Renderer\DynamicConstant.h">
      <Filter>Source\Renderer\Public\Common</Filter>
    </ClInclude>
    <ClInclude Include="source\Renderer\ModelException.h">
      <Filter>Source\Renderer\Public\Model</Filter>
    </ClInclude>
    <ClInclude Include="source\Renderer\Node.h">
      <Filter>Source\Renderer\Public\Model</Filter>
    </ClInclude>
    <ClInclude Include="source\Renderer\Mesh.h">
      <Filter>Source\Renderer\Public\Model</Filter>
    </ClInclude>
    <ClInclude Include="source\Renderer\RenderGraphException.h">
      <Filter>Source\Renderer\Public\Core\Render Graph</Filter>
    </ClInclude>
    <ClInclude Include="source\Renderer\CameraContainer.h">
      <Filter>Source\Renderer\Public\Camera</Filter>
    </ClInclude>
    <ClInclude Include="source\_External\common.h">
      <Filter>Source\_External\Public</Filter>
    </ClInclude>
    <ClInclude Include="source\Common\ILException.h">
      <Filter>Source\Common\Public</Filter>
    </ClInclude>
    <ClInclude Include="source\Common\ILMath.h">
      <Filter>Source\Common\Public</Filter>
    </ClInclude>
    <ClInclude Include="source\Common\ILTimer.h">
      <Filter>Source\Common\Public</Filter>
    </ClInclude>
    <ClInclude Include="source\Common\ILUtility.h">
      <Filter>Source\Common\Public</Filter>
    </ClInclude>
    <ClInclude Include="source\Runtime\Application.h">
      <Filter>Source\Runtime\Public</Filter>
    </ClInclude>
    <ClInclude Include="source\Runtime\Window.h">
      <Filter>Source\Runtime\Public</Filter>
    </ClInclude>
    <ClInclude Include="source\_External\imgui\backends\imgui_impl_dx12.h">
      <Filter>Source\_External\Public\ImGUI</Filter>
    </ClInclude>
    <ClInclude Include="source\_External\imgui\backends\imgui_impl_win32.h">
      <Filter>Source\_External\Public\ImGUI</Filter>
    </ClInclude>
    <ClInclude Include="source\_External\imgui\imconfig.h">
      <Filter>Source\_External\Public\ImGUI</Filter>
    </ClInclude>
    <ClInclude Include="source\_External\imgui\imgui.h">
      <Filter>Source\_External\Public\ImGUI</Filter>
    </ClInclude>
    <ClInclude Include="source\_External\imgui\imgui_internal.h">
      <Filter>Source\_External\Public\ImGUI</Filter>
    </ClInclude>
    <ClInclude Include="source\Renderer\Renderer.h">
      <Filter>Source\Renderer\Public</Filter>
    </ClInclude>
    <ClInclude Include="source\Renderer\ObjectFlatPass.h">
      <Filter>Source\Renderer\Public\Core\Render Graph\Passes</Filter>
    </ClInclude>
    <ClInclude Include="source\Renderer\BufferClearPass.h">
      <Filter>Source\Renderer\Public\Core\Render Graph\Passes</Filter>
    </ClInclude>
    <ClInclude Include="source\Renderer\GBufferPass.h">
      <Filter>Source\Renderer\Public\Core\Render Graph\Passes</Filter>
    </ClInclude>
    <ClInclude Include="source\Renderer\ShadowMappingPass.h">
      <Filter>Source\Renderer\Public\Core\Render Graph\Passes</Filter>
    </ClInclude>
    <ClInclude Include="source\Renderer\SkyboxPass.h">
      <Filter>Source\Renderer\Public\Core\Render Graph\Passes</Filter>
    </ClInclude>
    <ClInclude Include="source\Renderer\WireframePass.h">
      <Filter>Source\Renderer\Public\Core\Render Graph\Passes</Filter>
    </ClInclude>
    <ClInclude Include="source\Renderer\ObjectOutlinePass.h">
      <Filter>Source\Renderer\Public\Core\Render Graph\Passes</Filter>
    </ClInclude>
    <ClInclude Include="source\_External\assimp\assimp.h">
      <Filter>Source\_External\Public\Assimp</Filter>
    </ClInclude>
    <ClInclude Include="source\_External\dx12\d3dx12.h">
      <Filter>Source\_External\Public\DX12</Filter>
    </ClInclude>
    <ClInclude Include="source\_External\dx12\directX12.h">
      <Filter>Source\_External\Public\DX12</Filter>
    </ClInclude>
    <ClInclude Include="source\Common\ILPerfLog.h">
      <Filter>Source\Common\Public</Filter>
    </ClInclude>
    <ClInclude Include="source\Renderer\Shapes.h">
      <Filter>Source\Renderer\Public\Common\Primitives</Filter>
    </ClInclude>
    <ClInclude Include="source\Renderer\ILMesh.h">
      <Filter>Source\Renderer\Public\Core\Render Graph</Filter>
    </ClInclude>
    <ClInclude Include="source\Renderer\RenderGraph.h">
      <Filter>Source\Renderer\Public\Core\Render Graph</Filter>
    </ClInclude>
    <ClInclude Include="source\Renderer\RenderPass.h">
      <Filter>Source\Renderer\Public\Core\Render Graph</Filter>
    </ClInclude>
    <ClInclude Include="source\Common\ImGUI_Includes.h">
      <Filter>Source\Common\Public</Filter>
    </ClInclude>
    <ClInclude Include="source\Runtime\UIManager.h">
      <Filter>Source\Runtime\Public\UI</Filter>
    </ClInclude>
    <ClInclude Include="source\Runtime\IOManager.h">
      <Filter>Source\Runtime\Public\IO</Filter>
    </ClInclude>
    <ClInclude Include="source\Renderer\IndicatorFlatPass.h">
      <Filter>Source\Renderer\Public\Core\Render Graph\Passes</Filter>
    </ClInclude>
    <ClInclude Include="source\Renderer\BlurPass.h">
      <Filter>Source\Renderer\Public\Core\Render Graph\Passes</Filter>
    </ClInclude>
    <ClInclude Include="source\Renderer\LightingPass.h">
      <Filter>Source\Renderer\Public\Core\Render Graph\Passes</Filter>
    </ClInclude>
    <ClInclude Include="source\Renderer\D3D12RHI.h">
      <Filter>Source\Renderer\Public\Core\RHI\D3D12</Filter>
    </ClInclude>
    <ClInclude Include="source\Renderer\D3D12RHIException.h">
      <Filter>Source\Renderer\Public\Core\RHI\D3D12</Filter>
    </ClInclude>
    <ClInclude Include="source\Renderer\D3D12Shader.h">
      <Filter>Source\Renderer\Public\Core\RHI\D3D12</Filter>
    </ClInclude>
    <ClInclude Include="source\Renderer\DepthStencil.h">
      <Filter>Source\Renderer\Public\Core\RHI\D3D12</Filter>
    </ClInclude>
    <ClInclude Include="source\Renderer\DescriptorTable.h">
      <Filter>Source\Renderer\Public\Core\RHI\D3D12</Filter>
    </ClInclude>
    <ClInclude Include="source\Renderer\GraphicsResource.h">
      <Filter>Source\Renderer\Public\Core\RHI\D3D12</Filter>
    </ClInclude>
    <ClInclude Include="source\Renderer\PipelineState.h">
      <Filter>Source\Renderer\Public\Core\RHI\D3D12</Filter>
    </ClInclude>
    <ClInclude Include="source\Renderer\RenderTarget.h">
      <Filter>Source\Renderer\Public\Core\RHI\D3D12</Filter>
    </ClInclude>
    <ClInclude Include="source\Renderer\RootSignature.h">
      <Filter>Source\Renderer\Public\Core\RHI\D3D12</Filter>
    </ClInclude>
    <ClInclude Include="source\Renderer\D3D12Buffer.h">
      <Filter>Source\Renderer\Public\Core\RHI\D3D12</Filter>
    </ClInclude>
    <ClInclude Include="source\Renderer\D3D12Texture.h">
      <Filter>Source\Renderer\Public\Core\RHI\D3D12</Filter>
    </ClInclude>
    <ClInclude Include="source\_External\dx12\d3d12ma\D3D12MemAlloc.h">
      <Filter>Source\_External\Public\DX12</Filter>
    </ClInclude>
    <ClInclude Include="source\Renderer\Material.h">
      <Filter>Source\Renderer\Public\Model</Filter>
    </ClInclude>
    <ClInclude Include="source\Renderer\LightContainer.h">
      <Filter>Source\Renderer\Public\Light</Filter>
    </ClInclude>
    <ClInclude Include="source\Renderer\CameraProjection.h">
      <Filter>Source\Renderer\Public\Editor</Filter>
    </ClInclude>
    <ClInclude Include="source\Renderer\CameraIndicator.h">
      <Filter>Source\Renderer\Public\Editor</Filter>
    </ClInclude>
    <ClInclude Include="source\Renderer\PointLightIndicator.h">
      <Filter>Source\Renderer\Public\Editor</Filter>
    </ClInclude>
  </ItemGroup>
  <ItemGroup>
    <ClCompile Include="source\Launch.cpp">
      <Filter>Source</Filter>
    </ClCompile>
    <ClCompile Include="source\Renderer\PointLight.cpp">
      <Filter>Source\Renderer\Private\Light</Filter>
    </ClCompile>
    <ClCompile Include="source\Runtime\Keyboard.cpp">
      <Filter>Source\Runtime\Private\IO</Filter>
    </ClCompile>
    <ClCompile Include="source\Runtime\Mouse.cpp">
      <Filter>Source\Runtime\Private\IO</Filter>
    </ClCompile>
    <ClCompile Include="source\Renderer\Camera.cpp">
      <Filter>Source\Renderer\Private\Camera</Filter>
    </ClCompile>
    <ClCompile Include="source\Renderer\Model.cpp">
      <Filter>Source\Renderer\Private\Model</Filter>
    </ClCompile>
    <ClCompile Include="source\Renderer\DynamicConstant.cpp">
      <Filter>Source\Renderer\Private\Common</Filter>
    </ClCompile>
    <ClCompile Include="source\Renderer\ModelException.cpp">
      <Filter>Source\Renderer\Private\Model</Filter>
    </ClCompile>
    <ClCompile Include="source\Renderer\Node.cpp">
      <Filter>Source\Renderer\Private\Model</Filter>
    </ClCompile>
    <ClCompile Include="source\Renderer\Mesh.cpp">
      <Filter>Source\Renderer\Private\Model</Filter>
    </ClCompile>
    <ClCompile Include="source\Renderer\RenderGraphException.cpp">
      <Filter>Source\Renderer\Private\Core\Render Graph</Filter>
    </ClCompile>
    <ClCompile Include="source\Renderer\CameraContainer.cpp">
      <Filter>Source\Renderer\Private\Camera</Filter>
    </ClCompile>
    <ClCompile Include="source\Common\ILException.cpp">
      <Filter>Source\Common\Private</Filter>
    </ClCompile>
    <ClCompile Include="source\Common\ILTimer.cpp">
      <Filter>Source\Common\Private</Filter>
    </ClCompile>
    <ClCompile Include="source\Common\ILUtility.cpp">
      <Filter>Source\Common\Private</Filter>
    </ClCompile>
    <ClCompile Include="source\Runtime\Application.cpp">
      <Filter>Source\Runtime\Private</Filter>
    </ClCompile>
    <ClCompile Include="source\Runtime\Window.cpp">
      <Filter>Source\Runtime\Private</Filter>
    </ClCompile>
    <ClCompile Include="source\Renderer\RenderMath.cpp">
      <Filter>Source\Renderer\Private\Common</Filter>
    </ClCompile>
    <ClCompile Include="source\_External\imgui\imgui.cpp">
      <Filter>Source\_External\Private\ImGUI</Filter>
    </ClCompile>
    <ClCompile Include="source\_External\imgui\imgui_demo.cpp">
      <Filter>Source\_External\Private\ImGUI</Filter>
    </ClCompile>
    <ClCompile Include="source\_External\imgui\imgui_draw.cpp">
      <Filter>Source\_External\Private\ImGUI</Filter>
    </ClCompile>
    <ClCompile Include="source\_External\imgui\imgui_tables.cpp">
      <Filter>Source\_External\Private\ImGUI</Filter>
    </ClCompile>
    <ClCompile Include="source\_External\imgui\imgui_widgets.cpp">
      <Filter>Source\_External\Private\ImGUI</Filter>
    </ClCompile>
    <ClCompile Include="source\_External\imgui\backends\imgui_impl_dx12.cpp">
      <Filter>Source\_External\Private\ImGUI</Filter>
    </ClCompile>
    <ClCompile Include="source\_External\imgui\backends\imgui_impl_win32.cpp">
      <Filter>Source\_External\Private\ImGUI</Filter>
    </ClCompile>
    <ClCompile Include="source\Renderer\Renderer.cpp">
      <Filter>Source\Renderer\Private</Filter>
    </ClCompile>
    <ClCompile Include="source\Renderer\Vertex.cpp">
      <Filter>Source\Renderer\Private\Common\Primitives</Filter>
    </ClCompile>
    <ClCompile Include="source\Renderer\ILMesh.cpp">
      <Filter>Source\Renderer\Private\Core\Render Graph</Filter>
    </ClCompile>
    <ClCompile Include="source\Renderer\RenderGraph.cpp">
      <Filter>Source\Renderer\Private\Core\Render Graph</Filter>
    </ClCompile>
    <ClCompile Include="source\Renderer\RenderPass.cpp">
      <Filter>Source\Renderer\Private\Core\Render Graph</Filter>
    </ClCompile>
    <ClCompile Include="source\Runtime\UIManager.cpp">
      <Filter>Source\Runtime\Private\UI</Filter>
    </ClCompile>
    <ClCompile Include="source\Runtime\IOManager.cpp">
      <Filter>Source\Runtime\Private\IO</Filter>
    </ClCompile>
    <ClCompile Include="source\Renderer\D3D12RHI.cpp">
      <Filter>Source\Renderer\Private\Core\RHI\D3D12</Filter>
    </ClCompile>
    <ClCompile Include="source\Renderer\D3D12Shader.cpp">
      <Filter>Source\Renderer\Private\Core\RHI\D3D12</Filter>
    </ClCompile>
    <ClCompile Include="source\Renderer\DepthStencil.cpp">
      <Filter>Source\Renderer\Private\Core\RHI\D3D12</Filter>
    </ClCompile>
    <ClCompile Include="source\Renderer\DescriptorTable.cpp">
      <Filter>Source\Renderer\Private\Core\RHI\D3D12</Filter>
    </ClCompile>
    <ClCompile Include="source\Renderer\GraphicsResource.cpp">
      <Filter>Source\Renderer\Private\Core\RHI\D3D12</Filter>
    </ClCompile>
    <ClCompile Include="source\Renderer\PipelineState.cpp">
      <Filter>Source\Renderer\Private\Core\RHI\D3D12</Filter>
    </ClCompile>
    <ClCompile Include="source\Renderer\RenderTarget.cpp">
      <Filter>Source\Renderer\Private\Core\RHI\D3D12</Filter>
    </ClCompile>
    <ClCompile Include="source\Renderer\RootSignature.cpp">
      <Filter>Source\Renderer\Private\Core\RHI\D3D12</Filter>
    </ClCompile>
    <ClCompile Include="source\Renderer\RHI.cpp">
      <Filter>Source\Renderer\Private\Core\RHI</Filter>
    </ClCompile>
    <ClCompile Include="source\Renderer\D3D12Buffer.cpp">
      <Filter>Source\Renderer\Private\Core\RHI\D3D12</Filter>
    </ClCompile>
    <ClCompile Include="source\Renderer\D3D12Texture.cpp">
      <Filter>Source\Renderer\Private\Core\RHI\D3D12</Filter>
    </ClCompile>
    <ClCompile Include="source\_External\dx12\d3d12ma\D3D12MemAlloc.cpp">
      <Filter>Source\_External\Private\DX12</Filter>
    </ClCompile>
    <ClCompile Include="source\Renderer\LightContainer.cpp">
      <Filter>Source\Renderer\Private\Light</Filter>
    </ClCompile>
    <ClCompile Include="source\Renderer\CameraIndicator.cpp">
      <Filter>Source\Renderer\Private\Editor</Filter>
    </ClCompile>
    <ClCompile Include="source\Renderer\CameraProjection.cpp">
      <Filter>Source\Renderer\Private\Editor</Filter>
    </ClCompile>
    <ClCompile Include="source\Renderer\PointLightIndicator.cpp">
      <Filter>Source\Renderer\Private\Editor</Filter>
    </ClCompile>
  </ItemGroup>
  <ItemGroup>
    <CustomBuild Include="shaders\HLSL\GBuffer_PS.hlsl">
      <Filter>Shaders\HLSL\GBuffer</Filter>
    </CustomBuild>
    <CustomBuild Include="shaders\HLSL\GBuffer_VS.hlsl">
      <Filter>Shaders\HLSL\GBuffer</Filter>
    </CustomBuild>
    <CustomBuild Include="shaders\HLSL\Skybox_PS.hlsl">
      <Filter>Shaders\HLSL\Skybox</Filter>
    </CustomBuild>
    <CustomBuild Include="shaders\HLSL\Skybox_VS.hlsl">
      <Filter>Shaders\HLSL\Skybox</Filter>
    </CustomBuild>
    <CustomBuild Include="shaders\HLSL\ObjectOutline_PS.hlsl">
      <Filter>Shaders\HLSL\Post Processing</Filter>
    </CustomBuild>
    <CustomBuild Include="shaders\HLSL\ObjectOutline_VS.hlsl">
      <Filter>Shaders\HLSL\Post Processing</Filter>
    </CustomBuild>
    <CustomBuild Include="shaders\HLSL\Flat_PS.hlsl">
      <Filter>Shaders\HLSL\Flat Shading</Filter>
    </CustomBuild>
    <CustomBuild Include="shaders\HLSL\Flat_VS.hlsl">
      <Filter>Shaders\HLSL\Flat Shading</Filter>
    </CustomBuild>
    <CustomBuild Include="shaders\HLSL\Shadow_VS.hlsl">
      <Filter>Shaders\HLSL\Shadow Mapping</Filter>
    </CustomBuild>
    <CustomBuild Include="shaders\HLSL\Common.hlsli">
      <Filter>Shaders\HLSL\Common</Filter>
    </CustomBuild>
    <CustomBuild Include="shaders\HLSL\Blur_CS.hlsl">
      <Filter>Shaders\HLSL\Post Processing</Filter>
    </CustomBuild>
    <CustomBuild Include="shaders\HLSL\Lighting_CS.hlsl">
      <Filter>Shaders\HLSL\Lighting</Filter>
    </CustomBuild>
    <CustomBuild Include="shaders\HLSL\Packing.hlsli">
      <Filter>Shaders\HLSL\Common</Filter>
    </CustomBuild>
    <CustomBuild Include="shaders\HLSL\Scene.hlsli">
      <Filter>Shaders\HLSL\Common</Filter>
    </CustomBuild>
    <CustomBuild Include="shaders\HLSL\BRDF.hlsli">
      <Filter>Shaders\HLSL\Common</Filter>
    </CustomBuild>
    <CustomBuild Include="shaders\HLSL\Constants.hlsli">
      <Filter>Shaders\HLSL\Common</Filter>
    </CustomBuild>
    <CustomBuild Include="shaders\HLSL\Lighting.hlsli">
      <Filter>Shaders\HLSL\Common</Filter>
    </CustomBuild>
  </ItemGroup>
  <ItemGroup>
    <None Include="config\packages.config" />
  </ItemGroup>
</Project>